
Microsoft Visual Studio Solution File, Format Version 12.00
# Visual Studio 14
VisualStudioVersion = 14.0.25420.1
MinimumVisualStudioVersion = 10.0.40219.1
Project("{FAE04EC0-301F-11D3-BF4B-00C04F79EFBC}") = "CSharp.Cap2.Visual", "CSharp.Cap2.Visual\CSharp.Cap2.Visual.csproj", "{222EC20F-8F4E-4007-BD64-FCF57D7BDF9F}"
EndProject
Project("{FAE04EC0-301F-11D3-BF4B-00C04F79EFBC}") = "Csharp.Cap3.Variaveis", "Csharp.Cap3.Variaveis\Csharp.Cap3.Variaveis.csproj", "{4B2D9DD6-924D-470C-838E-88D18B0F79AB}"
EndProject
Project("{FAE04EC0-301F-11D3-BF4B-00C04F79EFBC}") = "CSharp.Cap3.Troco", "CSharp.Cap3.Troco\CSharp.Cap3.Troco.csproj", "{AB8606D2-0A7A-4777-98E5-745594EC1ABD}"
EndProject
Project("{FAE04EC0-301F-11D3-BF4B-00C04F79EFBC}") = "CSharp.Cap4.Frete", "CSharp.Cap4.Frete\CSharp.Cap4.Frete.csproj", "{356AAD3A-A578-475D-B195-C9C7937D2CCF}"
EndProject
Project("{FAE04EC0-301F-11D3-BF4B-00C04F79EFBC}") = "CSharp.Cap5.Repeticao.Test", "CSharp.Cap5.Repeticao.Test\CSharp.Cap5.Repeticao.Test.csproj", "{6D0FB656-470D-4C56-B0FF-7C222625A4D3}"
EndProject
Project("{FAE04EC0-301F-11D3-BF4B-00C04F79EFBC}") = "CSharp.Cap8.VetoresTest", "CSharp.Cap8.VetoresTest\CSharp.Cap8.VetoresTest.csproj", "{ECF64E6B-A997-4394-963F-213DFF054608}"
EndProject
Project("{FAE04EC0-301F-11D3-BF4B-00C04F79EFBC}") = "CSharp.Cap9.Colecoes.Test", "CSharp.Cap9.Colecoes.Test\CSharp.Cap9.Colecoes.Test.csproj", "{4290305C-430C-48EF-B905-43F7E7A841DD}"
EndProject
Project("{2150E333-8FDC-42A3-9474-1A3956D46DE8}") = "Oficina", "Oficina", "{F0D2EF6F-0830-481A-9FAE-B27463A3A1F8}"
	ProjectSection(SolutionItems) = preProject
		Oficina.Repositorios.SistemaArquivosTests\CorRepositorioTests.cs = Oficina.Repositorios.SistemaArquivosTests\CorRepositorioTests.cs
	EndProjectSection
EndProject
Project("{FAE04EC0-301F-11D3-BF4B-00C04F79EFBC}") = "Oficina.Dominio", "Oficina.Dominio\Oficina.Dominio.csproj", "{A5F00A8D-1DFD-4F3C-8162-0BFE24F8DAAD}"
EndProject
Project("{FAE04EC0-301F-11D3-BF4B-00C04F79EFBC}") = "Oficina.Repositorios.SistemaArquivos", "Oficina.Repositorios.SistemaArquivos\Oficina.Repositorios.SistemaArquivos.csproj", "{1D163C78-EB41-40A8-9F63-F3E1C9DC6881}"
EndProject
Project("{FAE04EC0-301F-11D3-BF4B-00C04F79EFBC}") = "Oficina.Repositorios.SistemaArquivosTests", "Oficina.Repositorios.SistemaArquivosTests\Oficina.Repositorios.SistemaArquivosTests.csproj", "{772C25A7-D64A-4430-9E3D-6F2D15606094}"
EndProject
Project("{FAE04EC0-301F-11D3-BF4B-00C04F79EFBC}") = "Oficina.WinForm", "Oficina.WinForm\Oficina.WinForm.csproj", "{FFD80DFF-ED1D-4644-A6D0-9EBEBE25E10A}"
EndProject
Global
	GlobalSection(SolutionConfigurationPlatforms) = preSolution
		Debug|Any CPU = Debug|Any CPU
		Release|Any CPU = Release|Any CPU
	EndGlobalSection
	GlobalSection(ProjectConfigurationPlatforms) = postSolution
		{222EC20F-8F4E-4007-BD64-FCF57D7BDF9F}.Debug|Any CPU.ActiveCfg = Debug|Any CPU
		{222EC20F-8F4E-4007-BD64-FCF57D7BDF9F}.Debug|Any CPU.Build.0 = Debug|Any CPU
		{222EC20F-8F4E-4007-BD64-FCF57D7BDF9F}.Release|Any CPU.ActiveCfg = Release|Any CPU
		{222EC20F-8F4E-4007-BD64-FCF57D7BDF9F}.Release|Any CPU.Build.0 = Release|Any CPU
		{4B2D9DD6-924D-470C-838E-88D18B0F79AB}.Debug|Any CPU.ActiveCfg = Debug|Any CPU
		{4B2D9DD6-924D-470C-838E-88D18B0F79AB}.Debug|Any CPU.Build.0 = Debug|Any CPU
		{4B2D9DD6-924D-470C-838E-88D18B0F79AB}.Release|Any CPU.ActiveCfg = Release|Any CPU
		{4B2D9DD6-924D-470C-838E-88D18B0F79AB}.Release|Any CPU.Build.0 = Release|Any CPU
		{AB8606D2-0A7A-4777-98E5-745594EC1ABD}.Debug|Any CPU.ActiveCfg = Debug|Any CPU
		{AB8606D2-0A7A-4777-98E5-745594EC1ABD}.Debug|Any CPU.Build.0 = Debug|Any CPU
		{AB8606D2-0A7A-4777-98E5-745594EC1ABD}.Release|Any CPU.ActiveCfg = Release|Any CPU
		{AB8606D2-0A7A-4777-98E5-745594EC1ABD}.Release|Any CPU.Build.0 = Release|Any CPU
		{356AAD3A-A578-475D-B195-C9C7937D2CCF}.Debug|Any CPU.ActiveCfg = Debug|Any CPU
		{356AAD3A-A578-475D-B195-C9C7937D2CCF}.Debug|Any CPU.Build.0 = Debug|Any CPU
		{356AAD3A-A578-475D-B195-C9C7937D2CCF}.Release|Any CPU.ActiveCfg = Release|Any CPU
		{356AAD3A-A578-475D-B195-C9C7937D2CCF}.Release|Any CPU.Build.0 = Release|Any CPU
		{6D0FB656-470D-4C56-B0FF-7C222625A4D3}.Debug|Any CPU.ActiveCfg = Debug|Any CPU
		{6D0FB656-470D-4C56-B0FF-7C222625A4D3}.Debug|Any CPU.Build.0 = Debug|Any CPU
		{6D0FB656-470D-4C56-B0FF-7C222625A4D3}.Release|Any CPU.ActiveCfg = Release|Any CPU
		{6D0FB656-470D-4C56-B0FF-7C222625A4D3}.Release|Any CPU.Build.0 = Release|Any CPU
		{ECF64E6B-A997-4394-963F-213DFF054608}.Debug|Any CPU.ActiveCfg = Debug|Any CPU
		{ECF64E6B-A997-4394-963F-213DFF054608}.Debug|Any CPU.Build.0 = Debug|Any CPU
		{ECF64E6B-A997-4394-963F-213DFF054608}.Release|Any CPU.ActiveCfg = Release|Any CPU
		{ECF64E6B-A997-4394-963F-213DFF054608}.Release|Any CPU.Build.0 = Release|Any CPU
		{4290305C-430C-48EF-B905-43F7E7A841DD}.Debug|Any CPU.ActiveCfg = Debug|Any CPU
		{4290305C-430C-48EF-B905-43F7E7A841DD}.Debug|Any CPU.Build.0 = Debug|Any CPU
		{4290305C-430C-48EF-B905-43F7E7A841DD}.Release|Any CPU.ActiveCfg = Release|Any CPU
		{4290305C-430C-48EF-B905-43F7E7A841DD}.Release|Any CPU.Build.0 = Release|Any CPU
		{A5F00A8D-1DFD-4F3C-8162-0BFE24F8DAAD}.Debug|Any CPU.ActiveCfg = Debug|Any CPU
		{A5F00A8D-1DFD-4F3C-8162-0BFE24F8DAAD}.Debug|Any CPU.Build.0 = Debug|Any CPU
		{A5F00A8D-1DFD-4F3C-8162-0BFE24F8DAAD}.Release|Any CPU.ActiveCfg = Release|Any CPU
		{A5F00A8D-1DFD-4F3C-8162-0BFE24F8DAAD}.Release|Any CPU.Build.0 = Release|Any CPU
		{1D163C78-EB41-40A8-9F63-F3E1C9DC6881}.Debug|Any CPU.ActiveCfg = Debug|Any CPU
		{1D163C78-EB41-40A8-9F63-F3E1C9DC6881}.Debug|Any CPU.Build.0 = Debug|Any CPU
		{1D163C78-EB41-40A8-9F63-F3E1C9DC6881}.Release|Any CPU.ActiveCfg = Release|Any CPU
		{1D163C78-EB41-40A8-9F63-F3E1C9DC6881}.Release|Any CPU.Build.0 = Release|Any CPU
		{772C25A7-D64A-4430-9E3D-6F2D15606094}.Debug|Any CPU.ActiveCfg = Debug|Any CPU
		{772C25A7-D64A-4430-9E3D-6F2D15606094}.Debug|Any CPU.Build.0 = Debug|Any CPU
		{772C25A7-D64A-4430-9E3D-6F2D15606094}.Release|Any CPU.ActiveCfg = Release|Any CPU
		{772C25A7-D64A-4430-9E3D-6F2D15606094}.Release|Any CPU.Build.0 = Release|Any CPU
		{FFD80DFF-ED1D-4644-A6D0-9EBEBE25E10A}.Debug|Any CPU.ActiveCfg = Debug|Any CPU
		{FFD80DFF-ED1D-4644-A6D0-9EBEBE25E10A}.Debug|Any CPU.Build.0 = Debug|Any CPU
		{FFD80DFF-ED1D-4644-A6D0-9EBEBE25E10A}.Release|Any CPU.ActiveCfg = Release|Any CPU
		{FFD80DFF-ED1D-4644-A6D0-9EBEBE25E10A}.Release|Any CPU.Build.0 = Release|Any CPU
	EndGlobalSection
	GlobalSection(SolutionProperties) = preSolution
		HideSolutionNode = FALSE
	EndGlobalSection
	GlobalSection(NestedProjects) = preSolution
		{A5F00A8D-1DFD-4F3C-8162-0BFE24F8DAAD} = {F0D2EF6F-0830-481A-9FAE-B27463A3A1F8}
		{1D163C78-EB41-40A8-9F63-F3E1C9DC6881} = {F0D2EF6F-0830-481A-9FAE-B27463A3A1F8}
		{772C25A7-D64A-4430-9E3D-6F2D15606094} = {F0D2EF6F-0830-481A-9FAE-B27463A3A1F8}
		{FFD80DFF-ED1D-4644-A6D0-9EBEBE25E10A} = {F0D2EF6F-0830-481A-9FAE-B27463A3A1F8}
	EndGlobalSection
EndGlobal
